{
    "name": "texlyre-busytex",
    "version": "1.2.1",
    "lockfileVersion": 3,
    "requires": true,
    "packages": {
        "": {
            "name": "texlyre-busytex",
            "version": "1.2.1",
            "license": "AGPL-3.0-or-later",
            "bin": {
                "texlyre-busytex": "scripts/cli.cjs"
            },
            "devDependencies": {
                "@rollup/plugin-typescript": "^12.3.0",
                "@types/node": "^20.0.0",
                "rollup": "^3.30.0",
                "rollup-plugin-dts": "^6.0.0",
                "tar": "^7.5.12",
                "tslib": "^2.8.1",
                "typescript": "^5.2.0"
            }
        },
        "node_modules/@babel/code-frame": {
            "version": "7.28.6",
            "resolved": "https://registry.npmjs.org/@babel/code-frame/-/code-frame-7.28.6.tgz",
            "integrity": "sha512-JYgintcMjRiCvS8mMECzaEn+m3PfoQiyqukOMCCVQtoJGYJw8j/8LBJEiqkHLkfwCcs74E3pbAUFNg7d9VNJ+Q==",
            "dev": true,
            "optional": true,
            "dependencies": {
                "@babel/helper-validator-identifier": "^7.28.5",
                "js-tokens": "^4.0.0",
                "picocolors": "^1.1.1"
            },
            "engines": {
                "node": ">=6.9.0"
            }
        }
    }
}
